// !$*UTF8*$!
{
	archiveVersion = 1;
	classes = {
	};
	objectVersion = 56;
	objects = {

/* Begin PBXBuildFile section */
		501693612B712216004E2B1F /* GFAvatarImageView.swift in Sources */ = {isa = PBXBuildFile; fileRef = 501693602B712216004E2B1F /* GFAvatarImageView.swift */; };
		5019EC1C2B69137B00BEAAEB /* AppDelegate.swift in Sources */ = {isa = PBXBuildFile; fileRef = 5019EC1B2B69137B00BEAAEB /* AppDelegate.swift */; };
		5019EC1E2B69137B00BEAAEB /* SceneDelegate.swift in Sources */ = {isa = PBXBuildFile; fileRef = 5019EC1D2B69137B00BEAAEB /* SceneDelegate.swift */; };
		5019EC252B69137C00BEAAEB /* Assets.xcassets in Resources */ = {isa = PBXBuildFile; fileRef = 5019EC242B69137C00BEAAEB /* Assets.xcassets */; };
		5019EC282B69137C00BEAAEB /* LaunchScreen.storyboard in Resources */ = {isa = PBXBuildFile; fileRef = 5019EC262B69137C00BEAAEB /* LaunchScreen.storyboard */; };
		5019EC332B69264A00BEAAEB /* SearchViewController.swift in Sources */ = {isa = PBXBuildFile; fileRef = 5019EC322B69264A00BEAAEB /* SearchViewController.swift */; };
		5019EC382B69268500BEAAEB /* FavoritesViewController.swift in Sources */ = {isa = PBXBuildFile; fileRef = 5019EC372B69268500BEAAEB /* FavoritesViewController.swift */; };
		5019EC3B2B692F5E00BEAAEB /* Theme.swift in Sources */ = {isa = PBXBuildFile; fileRef = 5019EC3A2B692F5E00BEAAEB /* Theme.swift */; };
		5019EC3E2B693BC200BEAAEB /* GFButton.swift in Sources */ = {isa = PBXBuildFile; fileRef = 5019EC3D2B693BC200BEAAEB /* GFButton.swift */; };
		5019EC402B69439F00BEAAEB /* GFTextField.swift in Sources */ = {isa = PBXBuildFile; fileRef = 5019EC3F2B69439F00BEAAEB /* GFTextField.swift */; };
		502993F72B6A6AB6001EDBFD /* FollowersListViewController.swift in Sources */ = {isa = PBXBuildFile; fileRef = 502993F62B6A6AB6001EDBFD /* FollowersListViewController.swift */; };
		502993F92B6A98FF001EDBFD /* GFTitleLabel.swift in Sources */ = {isa = PBXBuildFile; fileRef = 502993F82B6A98FF001EDBFD /* GFTitleLabel.swift */; };
		502993FB2B6A9A57001EDBFD /* GFBodyLabel.swift in Sources */ = {isa = PBXBuildFile; fileRef = 502993FA2B6A9A57001EDBFD /* GFBodyLabel.swift */; };
		502993FD2B6AA58E001EDBFD /* GFAlertViewController.swift in Sources */ = {isa = PBXBuildFile; fileRef = 502993FC2B6AA58E001EDBFD /* GFAlertViewController.swift */; };
		502994002B6AB609001EDBFD /* UIViewController+Ext.swift in Sources */ = {isa = PBXBuildFile; fileRef = 502993FF2B6AB609001EDBFD /* UIViewController+Ext.swift */; };
		5043E1B32B6B946100D81EAA /* Followers.swift in Sources */ = {isa = PBXBuildFile; fileRef = 5043E1B22B6B946100D81EAA /* Followers.swift */; };
		5043E1B52B6B947F00D81EAA /* User.swift in Sources */ = {isa = PBXBuildFile; fileRef = 5043E1B42B6B947F00D81EAA /* User.swift */; };
		5043E1B82B6BA60800D81EAA /* NetworkManager.swift in Sources */ = {isa = PBXBuildFile; fileRef = 5043E1B72B6BA60800D81EAA /* NetworkManager.swift */; };
		50621B312B7E446500227B23 /* GFEmptyStateView.swift in Sources */ = {isa = PBXBuildFile; fileRef = 50621B302B7E446500227B23 /* GFEmptyStateView.swift */; };
		507896E72B7FA39E00F56163 /* UserInfoViewController.swift in Sources */ = {isa = PBXBuildFile; fileRef = 507896E62B7FA39E00F56163 /* UserInfoViewController.swift */; };
		507CBA802B6D1B8E008517AD /* FollowersCollectionViewCell.swift in Sources */ = {isa = PBXBuildFile; fileRef = 507CBA7F2B6D1B8E008517AD /* FollowersCollectionViewCell.swift */; };
		5084321D2B72634900DA79CD /* UIHelper.swift in Sources */ = {isa = PBXBuildFile; fileRef = 5084321C2B72634900DA79CD /* UIHelper.swift */; };
		509B48732B83597C00E37C38 /* GFSecondaryTitleLabel.swift in Sources */ = {isa = PBXBuildFile; fileRef = 509B48722B83597C00E37C38 /* GFSecondaryTitleLabel.swift */; };
		50A930052B817690003E6FCC /* GFUserInfoHeaderViewController.swift in Sources */ = {isa = PBXBuildFile; fileRef = 50A930042B817690003E6FCC /* GFUserInfoHeaderViewController.swift */; };
/* End PBXBuildFile section */

/* Begin PBXFileReference section */
		501693602B712216004E2B1F /* GFAvatarImageView.swift */ = {isa = PBXFileReference; lastKnownFileType = sourcecode.swift; path = GFAvatarImageView.swift; sourceTree = "<group>"; };
		5019EC182B69137B00BEAAEB /* GHFollowers-BySeanAllen.app */ = {isa = PBXFileReference; explicitFileType = wrapper.application; includeInIndex = 0; path = "GHFollowers-BySeanAllen.app"; sourceTree = BUILT_PRODUCTS_DIR; };
		5019EC1B2B69137B00BEAAEB /* AppDelegate.swift */ = {isa = PBXFileReference; lastKnownFileType = sourcecode.swift; path = AppDelegate.swift; sourceTree = "<group>"; };
		5019EC1D2B69137B00BEAAEB /* SceneDelegate.swift */ = {isa = PBXFileReference; lastKnownFileType = sourcecode.swift; path = SceneDelegate.swift; sourceTree = "<group>"; };
		5019EC242B69137C00BEAAEB /* Assets.xcassets */ = {isa = PBXFileReference; lastKnownFileType = folder.assetcatalog; path = Assets.xcassets; sourceTree = "<group>"; };
		5019EC272B69137C00BEAAEB /* Base */ = {isa = PBXFileReference; lastKnownFileType = file.storyboard; name = Base; path = Base.lproj/LaunchScreen.storyboard; sourceTree = "<group>"; };
		5019EC292B69137C00BEAAEB /* Info.plist */ = {isa = PBXFileReference; lastKnownFileType = text.plist.xml; path = Info.plist; sourceTree = "<group>"; };
		5019EC322B69264A00BEAAEB /* SearchViewController.swift */ = {isa = PBXFileReference; lastKnownFileType = sourcecode.swift; path = SearchViewController.swift; sourceTree = "<group>"; };
		5019EC372B69268500BEAAEB /* FavoritesViewController.swift */ = {isa = PBXFileReference; lastKnownFileType = sourcecode.swift; path = FavoritesViewController.swift; sourceTree = "<group>"; };
		5019EC3A2B692F5E00BEAAEB /* Theme.swift */ = {isa = PBXFileReference; lastKnownFileType = sourcecode.swift; path = Theme.swift; sourceTree = "<group>"; };
		5019EC3D2B693BC200BEAAEB /* GFButton.swift */ = {isa = PBXFileReference; lastKnownFileType = sourcecode.swift; path = GFButton.swift; sourceTree = "<group>"; };
		5019EC3F2B69439F00BEAAEB /* GFTextField.swift */ = {isa = PBXFileReference; lastKnownFileType = sourcecode.swift; path = GFTextField.swift; sourceTree = "<group>"; };
		502993F62B6A6AB6001EDBFD /* FollowersListViewController.swift */ = {isa = PBXFileReference; lastKnownFileType = sourcecode.swift; path = FollowersListViewController.swift; sourceTree = "<group>"; };
		502993F82B6A98FF001EDBFD /* GFTitleLabel.swift */ = {isa = PBXFileReference; lastKnownFileType = sourcecode.swift; path = GFTitleLabel.swift; sourceTree = "<group>"; };
		502993FA2B6A9A57001EDBFD /* GFBodyLabel.swift */ = {isa = PBXFileReference; lastKnownFileType = sourcecode.swift; path = GFBodyLabel.swift; sourceTree = "<group>"; };
		502993FC2B6AA58E001EDBFD /* GFAlertViewController.swift */ = {isa = PBXFileReference; lastKnownFileType = sourcecode.swift; path = GFAlertViewController.swift; sourceTree = "<group>"; };
		502993FF2B6AB609001EDBFD /* UIViewController+Ext.swift */ = {isa = PBXFileReference; lastKnownFileType = sourcecode.swift; path = "UIViewController+Ext.swift"; sourceTree = "<group>"; };
		5043E1B22B6B946100D81EAA /* Followers.swift */ = {isa = PBXFileReference; lastKnownFileType = sourcecode.swift; path = Followers.swift; sourceTree = "<group>"; };
		5043E1B42B6B947F00D81EAA /* User.swift */ = {isa = PBXFileReference; lastKnownFileType = sourcecode.swift; path = User.swift; sourceTree = "<group>"; };
		5043E1B72B6BA60800D81EAA /* NetworkManager.swift */ = {isa = PBXFileReference; lastKnownFileType = sourcecode.swift; path = NetworkManager.swift; sourceTree = "<group>"; };
		50621B302B7E446500227B23 /* GFEmptyStateView.swift */ = {isa = PBXFileReference; lastKnownFileType = sourcecode.swift; path = GFEmptyStateView.swift; sourceTree = "<group>"; };
		507896E62B7FA39E00F56163 /* UserInfoViewController.swift */ = {isa = PBXFileReference; lastKnownFileType = sourcecode.swift; path = UserInfoViewController.swift; sourceTree = "<group>"; };
		507CBA7F2B6D1B8E008517AD /* FollowersCollectionViewCell.swift */ = {isa = PBXFileReference; lastKnownFileType = sourcecode.swift; path = FollowersCollectionViewCell.swift; sourceTree = "<group>"; };
		5084321C2B72634900DA79CD /* UIHelper.swift */ = {isa = PBXFileReference; lastKnownFileType = sourcecode.swift; path = UIHelper.swift; sourceTree = "<group>"; };
		509B48722B83597C00E37C38 /* GFSecondaryTitleLabel.swift */ = {isa = PBXFileReference; lastKnownFileType = sourcecode.swift; path = GFSecondaryTitleLabel.swift; sourceTree = "<group>"; };
		50A930042B817690003E6FCC /* GFUserInfoHeaderViewController.swift */ = {isa = PBXFileReference; lastKnownFileType = sourcecode.swift; path = GFUserInfoHeaderViewController.swift; sourceTree = "<group>"; };
/* End PBXFileReference section */

/* Begin PBXFrameworksBuildPhase section */
		5019EC152B69137B00BEAAEB /* Frameworks */ = {
			isa = PBXFrameworksBuildPhase;
			buildActionMask = 2147483647;
			files = (
			);
			runOnlyForDeploymentPostprocessing = 0;
		};
/* End PBXFrameworksBuildPhase section */

/* Begin PBXGroup section */
		5019EC0F2B69137B00BEAAEB = {
			isa = PBXGroup;
			children = (
				5019EC1A2B69137B00BEAAEB /* GHFollowers-BySeanAllen */,
				5019EC192B69137B00BEAAEB /* Products */,
			);
			sourceTree = "<group>";
		};
		5019EC192B69137B00BEAAEB /* Products */ = {
			isa = PBXGroup;
			children = (
				5019EC182B69137B00BEAAEB /* GHFollowers-BySeanAllen.app */,
			);
			name = Products;
			sourceTree = "<group>";
		};
		5019EC1A2B69137B00BEAAEB /* GHFollowers-BySeanAllen */ = {
			isa = PBXGroup;
			children = (
				5019EC2F2B69138400BEAAEB /* Core */,
				5019EC392B692F5100BEAAEB /* Theme */,
				502993FE2B6AB5BB001EDBFD /* Extensions */,
				5019EC3C2B693B6D00BEAAEB /* Components */,
				5043E1B12B6B928300D81EAA /* Model */,
				5043E1B62B6BA5FD00D81EAA /* Managers */,
				5019EC312B69234D00BEAAEB /* Views */,
				5019EC302B69138E00BEAAEB /* Supporting Files */,
			);
			path = "GHFollowers-BySeanAllen";
			sourceTree = "<group>";
		};
		5019EC2F2B69138400BEAAEB /* Core */ = {
			isa = PBXGroup;
			children = (
				5019EC1B2B69137B00BEAAEB /* AppDelegate.swift */,
				5019EC1D2B69137B00BEAAEB /* SceneDelegate.swift */,
			);
			path = Core;
			sourceTree = "<group>";
		};
		5019EC302B69138E00BEAAEB /* Supporting Files */ = {
			isa = PBXGroup;
			children = (
				5019EC262B69137C00BEAAEB /* LaunchScreen.storyboard */,
				5019EC242B69137C00BEAAEB /* Assets.xcassets */,
				5019EC292B69137C00BEAAEB /* Info.plist */,
			);
			path = "Supporting Files";
			sourceTree = "<group>";
		};
		5019EC312B69234D00BEAAEB /* Views */ = {
			isa = PBXGroup;
			children = (
				507896E52B7FA10900F56163 /* User Info View */,
				502993F52B6A6A90001EDBFD /* Followers View */,
				5019EC342B69265800BEAAEB /* Search View */,
				5019EC362B69266B00BEAAEB /* Favorites View */,
			);
			path = Views;
			sourceTree = "<group>";
		};
		5019EC342B69265800BEAAEB /* Search View */ = {
			isa = PBXGroup;
			children = (
				5019EC322B69264A00BEAAEB /* SearchViewController.swift */,
			);
			path = "Search View";
			sourceTree = "<group>";
		};
		5019EC362B69266B00BEAAEB /* Favorites View */ = {
			isa = PBXGroup;
			children = (
				5019EC372B69268500BEAAEB /* FavoritesViewController.swift */,
			);
			path = "Favorites View";
			sourceTree = "<group>";
		};
		5019EC392B692F5100BEAAEB /* Theme */ = {
			isa = PBXGroup;
			children = (
				5019EC3A2B692F5E00BEAAEB /* Theme.swift */,
			);
			path = Theme;
			sourceTree = "<group>";
		};
		5019EC3C2B693B6D00BEAAEB /* Components */ = {
			isa = PBXGroup;
			children = (
				50621B2A2B7E3C3700227B23 /* Buttons */,
				50621B2D2B7E3D6400227B23 /* ImageViews */,
				50621B292B7E3C2200227B23 /* Labels */,
				50621B2F2B7E444C00227B23 /* Views */,
				50621B2B2B7E3D5000227B23 /* Textfields */,
			);
			path = Components;
			sourceTree = "<group>";
		};
		502993F52B6A6A90001EDBFD /* Followers View */ = {
			isa = PBXGroup;
			children = (
				507CBA7E2B6D1B7C008517AD /* Cell */,
				502993F62B6A6AB6001EDBFD /* FollowersListViewController.swift */,
			);
			path = "Followers View";
			sourceTree = "<group>";
		};
		502993FE2B6AB5BB001EDBFD /* Extensions */ = {
			isa = PBXGroup;
			children = (
				502993FF2B6AB609001EDBFD /* UIViewController+Ext.swift */,
				5084321C2B72634900DA79CD /* UIHelper.swift */,
			);
			path = Extensions;
			sourceTree = "<group>";
		};
		5043E1B12B6B928300D81EAA /* Model */ = {
			isa = PBXGroup;
			children = (
				5043E1B22B6B946100D81EAA /* Followers.swift */,
				5043E1B42B6B947F00D81EAA /* User.swift */,
			);
			path = Model;
			sourceTree = "<group>";
		};
		5043E1B62B6BA5FD00D81EAA /* Managers */ = {
			isa = PBXGroup;
			children = (
				5043E1B72B6BA60800D81EAA /* NetworkManager.swift */,
			);
			path = Managers;
			sourceTree = "<group>";
		};
		50621B292B7E3C2200227B23 /* Labels */ = {
			isa = PBXGroup;
			children = (
				502993FA2B6A9A57001EDBFD /* GFBodyLabel.swift */,
				502993F82B6A98FF001EDBFD /* GFTitleLabel.swift */,
				509B48722B83597C00E37C38 /* GFSecondaryTitleLabel.swift */,
			);
			path = Labels;
			sourceTree = "<group>";
		};
		50621B2A2B7E3C3700227B23 /* Buttons */ = {
			isa = PBXGroup;
			children = (
				5019EC3D2B693BC200BEAAEB /* GFButton.swift */,
			);
			path = Buttons;
			sourceTree = "<group>";
		};
		50621B2B2B7E3D5000227B23 /* Textfields */ = {
			isa = PBXGroup;
			children = (
				5019EC3F2B69439F00BEAAEB /* GFTextField.swift */,
			);
			path = Textfields;
			sourceTree = "<group>";
		};
		50621B2D2B7E3D6400227B23 /* ImageViews */ = {
			isa = PBXGroup;
			children = (
				501693602B712216004E2B1F /* GFAvatarImageView.swift */,
			);
			path = ImageViews;
			sourceTree = "<group>";
		};
		50621B2F2B7E444C00227B23 /* Views */ = {
			isa = PBXGroup;
			children = (
				50621B302B7E446500227B23 /* GFEmptyStateView.swift */,
				502993FC2B6AA58E001EDBFD /* GFAlertViewController.swift */,
				50A930062B8176AA003E6FCC /* GFUserInfoScreen */,
			);
			path = Views;
			sourceTree = "<group>";
		};
		507896E52B7FA10900F56163 /* User Info View */ = {
			isa = PBXGroup;
			children = (
				507896E62B7FA39E00F56163 /* UserInfoViewController.swift */,
			);
			path = "User Info View";
			sourceTree = "<group>";
		};
		507CBA7E2B6D1B7C008517AD /* Cell */ = {
			isa = PBXGroup;
			children = (
				507CBA7F2B6D1B8E008517AD /* FollowersCollectionViewCell.swift */,
			);
			path = Cell;
			sourceTree = "<group>";
		};
		50A930062B8176AA003E6FCC /* GFUserInfoScreen */ = {
			isa = PBXGroup;
			children = (
				50A930042B817690003E6FCC /* GFUserInfoHeaderViewController.swift */,
			);
			path = GFUserInfoScreen;
			sourceTree = "<group>";
		};
/* End PBXGroup section */

/* Begin PBXNativeTarget section */
		5019EC172B69137B00BEAAEB /* GHFollowers-BySeanAllen */ = {
			isa = PBXNativeTarget;
			buildConfigurationList = 5019EC2C2B69137C00BEAAEB /* Build configuration list for PBXNativeTarget "GHFollowers-BySeanAllen" */;
			buildPhases = (
				5019EC142B69137B00BEAAEB /* Sources */,
				5019EC152B69137B00BEAAEB /* Frameworks */,
				5019EC162B69137B00BEAAEB /* Resources */,
			);
			buildRules = (
			);
			dependencies = (
			);
			name = "GHFollowers-BySeanAllen";
			productName = "GHFollowers-BySeanAllen";
			productReference = 5019EC182B69137B00BEAAEB /* GHFollowers-BySeanAllen.app */;
			productType = "com.apple.product-type.application";
		};
/* End PBXNativeTarget section */

/* Begin PBXProject section */
		5019EC102B69137B00BEAAEB /* Project object */ = {
			isa = PBXProject;
			attributes = {
				BuildIndependentTargetsInParallel = 1;
				LastSwiftUpdateCheck = 1500;
				LastUpgradeCheck = 1500;
				TargetAttributes = {
					5019EC172B69137B00BEAAEB = {
						CreatedOnToolsVersion = 15.0;
					};
				};
			};
			buildConfigurationList = 5019EC132B69137B00BEAAEB /* Build configuration list for PBXProject "GHFollowers-BySeanAllen" */;
			compatibilityVersion = "Xcode 14.0";
			developmentRegion = en;
			hasScannedForEncodings = 0;
			knownRegions = (
				en,
				Base,
			);
			mainGroup = 5019EC0F2B69137B00BEAAEB;
			productRefGroup = 5019EC192B69137B00BEAAEB /* Products */;
			projectDirPath = "";
			projectRoot = "";
			targets = (
				5019EC172B69137B00BEAAEB /* GHFollowers-BySeanAllen */,
			);
		};
/* End PBXProject section */

/* Begin PBXResourcesBuildPhase section */
		5019EC162B69137B00BEAAEB /* Resources */ = {
			isa = PBXResourcesBuildPhase;
			buildActionMask = 2147483647;
			files = (
				5019EC282B69137C00BEAAEB /* LaunchScreen.storyboard in Resources */,
				5019EC252B69137C00BEAAEB /* Assets.xcassets in Resources */,
			);
			runOnlyForDeploymentPostprocessing = 0;
		};
/* End PBXResourcesBuildPhase section */

/* Begin PBXSourcesBuildPhase section */
		5019EC142B69137B00BEAAEB /* Sources */ = {
			isa = PBXSourcesBuildPhase;
			buildActionMask = 2147483647;
			files = (
				507CBA802B6D1B8E008517AD /* FollowersCollectionViewCell.swift in Sources */,
				5019EC332B69264A00BEAAEB /* SearchViewController.swift in Sources */,
				5019EC1C2B69137B00BEAAEB /* AppDelegate.swift in Sources */,
				502994002B6AB609001EDBFD /* UIViewController+Ext.swift in Sources */,
				5019EC3E2B693BC200BEAAEB /* GFButton.swift in Sources */,
				5084321D2B72634900DA79CD /* UIHelper.swift in Sources */,
				501693612B712216004E2B1F /* GFAvatarImageView.swift in Sources */,
				5019EC3B2B692F5E00BEAAEB /* Theme.swift in Sources */,
				50A930052B817690003E6FCC /* GFUserInfoHeaderViewController.swift in Sources */,
				502993F72B6A6AB6001EDBFD /* FollowersListViewController.swift in Sources */,
				5043E1B52B6B947F00D81EAA /* User.swift in Sources */,
				502993FD2B6AA58E001EDBFD /* GFAlertViewController.swift in Sources */,
				5019EC382B69268500BEAAEB /* FavoritesViewController.swift in Sources */,
				5043E1B32B6B946100D81EAA /* Followers.swift in Sources */,
				502993F92B6A98FF001EDBFD /* GFTitleLabel.swift in Sources */,
				509B48732B83597C00E37C38 /* GFSecondaryTitleLabel.swift in Sources */,
				50621B312B7E446500227B23 /* GFEmptyStateView.swift in Sources */,
				5019EC1E2B69137B00BEAAEB /* SceneDelegate.swift in Sources */,
				5043E1B82B6BA60800D81EAA /* NetworkManager.swift in Sources */,
				507896E72B7FA39E00F56163 /* UserInfoViewController.swift in Sources */,
				5019EC402B69439F00BEAAEB /* GFTextField.swift in Sources */,
				502993FB2B6A9A57001EDBFD /* GFBodyLabel.swift in Sources */,
			);
			runOnlyForDeploymentPostprocessing = 0;
		};
/* End PBXSourcesBuildPhase section */

/* Begin PBXVariantGroup section */
		5019EC262B69137C00BEAAEB /* LaunchScreen.storyboard */ = {
			isa = PBXVariantGroup;
			children = (
				5019EC272B69137C00BEAAEB /* Base */,
			);
			name = LaunchScreen.storyboard;
			sourceTree = "<group>";
		};
/* End PBXVariantGroup section */

/* Begin XCBuildConfiguration section */
		5019EC2A2B69137C00BEAAEB /* Debug */ = {
			isa = XCBuildConfiguration;
			buildSettings = {
				ALWAYS_SEARCH_USER_PATHS = NO;
				ASSETCATALOG_COMPILER_GENERATE_SWIFT_ASSET_SYMBOL_EXTENSIONS = YES;
				CLANG_ANALYZER_NONNULL = YES;
				CLANG_ANALYZER_NUMBER_OBJECT_CONVERSION = YES_AGGRESSIVE;
				CLANG_CXX_LANGUAGE_STANDARD = "gnu++20";
				CLANG_ENABLE_MODULES = YES;
				CLANG_ENABLE_OBJC_ARC = YES;
				CLANG_ENABLE_OBJC_WEAK = YES;
				CLANG_WARN_BLOCK_CAPTURE_AUTORELEASING = YES;
				CLANG_WARN_BOOL_CONVERSION = YES;
				CLANG_WARN_COMMA = YES;
				CLANG_WARN_CONSTANT_CONVERSION = YES;
				CLANG_WARN_DEPRECATED_OBJC_IMPLEMENTATIONS = YES;
				CLANG_WARN_DIRECT_OBJC_ISA_USAGE = YES_ERROR;
				CLANG_WARN_DOCUMENTATION_COMMENTS = YES;
				CLANG_WARN_EMPTY_BODY = YES;
				CLANG_WARN_ENUM_CONVERSION = YES;
				CLANG_WARN_INFINITE_RECURSION = YES;
				CLANG_WARN_INT_CONVERSION = YES;
				CLANG_WARN_NON_LITERAL_NULL_CONVERSION = YES;
				CLANG_WARN_OBJC_IMPLICIT_RETAIN_SELF = YES;
				CLANG_WARN_OBJC_LITERAL_CONVERSION = YES;
				CLANG_WARN_OBJC_ROOT_CLASS = YES_ERROR;
				CLANG_WARN_QUOTED_INCLUDE_IN_FRAMEWORK_HEADER = YES;
				CLANG_WARN_RANGE_LOOP_ANALYSIS = YES;
				CLANG_WARN_STRICT_PROTOTYPES = YES;
				CLANG_WARN_SUSPICIOUS_MOVE = YES;
				CLANG_WARN_UNGUARDED_AVAILABILITY = YES_AGGRESSIVE;
				CLANG_WARN_UNREACHABLE_CODE = YES;
				CLANG_WARN__DUPLICATE_METHOD_MATCH = YES;
				COPY_PHASE_STRIP = NO;
				DEBUG_INFORMATION_FORMAT = dwarf;
				ENABLE_STRICT_OBJC_MSGSEND = YES;
				ENABLE_TESTABILITY = YES;
				ENABLE_USER_SCRIPT_SANDBOXING = YES;
				GCC_C_LANGUAGE_STANDARD = gnu17;
				GCC_DYNAMIC_NO_PIC = NO;
				GCC_NO_COMMON_BLOCKS = YES;
				GCC_OPTIMIZATION_LEVEL = 0;
				GCC_PREPROCESSOR_DEFINITIONS = (
					"DEBUG=1",
					"$(inherited)",
				);
				GCC_WARN_64_TO_32_BIT_CONVERSION = YES;
				GCC_WARN_ABOUT_RETURN_TYPE = YES_ERROR;
				GCC_WARN_UNDECLARED_SELECTOR = YES;
				GCC_WARN_UNINITIALIZED_AUTOS = YES_AGGRESSIVE;
				GCC_WARN_UNUSED_FUNCTION = YES;
				GCC_WARN_UNUSED_VARIABLE = YES;
				IPHONEOS_DEPLOYMENT_TARGET = 17.0;
				LOCALIZATION_PREFERS_STRING_CATALOGS = YES;
				MTL_ENABLE_DEBUG_INFO = INCLUDE_SOURCE;
				MTL_FAST_MATH = YES;
				ONLY_ACTIVE_ARCH = YES;
				SDKROOT = iphoneos;
				SWIFT_ACTIVE_COMPILATION_CONDITIONS = "DEBUG $(inherited)";
				SWIFT_OPTIMIZATION_LEVEL = "-Onone";
			};
			name = Debug;
		};
		5019EC2B2B69137C00BEAAEB /* Release */ = {
			isa = XCBuildConfiguration;
			buildSettings = {
				ALWAYS_SEARCH_USER_PATHS = NO;
				ASSETCATALOG_COMPILER_GENERATE_SWIFT_ASSET_SYMBOL_EXTENSIONS = YES;
				CLANG_ANALYZER_NONNULL = YES;
				CLANG_ANALYZER_NUMBER_OBJECT_CONVERSION = YES_AGGRESSIVE;
				CLANG_CXX_LANGUAGE_STANDARD = "gnu++20";
				CLANG_ENABLE_MODULES = YES;
				CLANG_ENABLE_OBJC_ARC = YES;
				CLANG_ENABLE_OBJC_WEAK = YES;
				CLANG_WARN_BLOCK_CAPTURE_AUTORELEASING = YES;
				CLANG_WARN_BOOL_CONVERSION = YES;
				CLANG_WARN_COMMA = YES;
				CLANG_WARN_CONSTANT_CONVERSION = YES;
				CLANG_WARN_DEPRECATED_OBJC_IMPLEMENTATIONS = YES;
				CLANG_WARN_DIRECT_OBJC_ISA_USAGE = YES_ERROR;
				CLANG_WARN_DOCUMENTATION_COMMENTS = YES;
				CLANG_WARN_EMPTY_BODY = YES;
				CLANG_WARN_ENUM_CONVERSION = YES;
				CLANG_WARN_INFINITE_RECURSION = YES;
				CLANG_WARN_INT_CONVERSION = YES;
				CLANG_WARN_NON_LITERAL_NULL_CONVERSION = YES;
				CLANG_WARN_OBJC_IMPLICIT_RETAIN_SELF = YES;
				CLANG_WARN_OBJC_LITERAL_CONVERSION = YES;
				CLANG_WARN_OBJC_ROOT_CLASS = YES_ERROR;
				CLANG_WARN_QUOTED_INCLUDE_IN_FRAMEWORK_HEADER = YES;
				CLANG_WARN_RANGE_LOOP_ANALYSIS = YES;
				CLANG_WARN_STRICT_PROTOTYPES = YES;
				CLANG_WARN_SUSPICIOUS_MOVE = YES;
				CLANG_WARN_UNGUARDED_AVAILABILITY = YES_AGGRESSIVE;
				CLANG_WARN_UNREACHABLE_CODE = YES;
				CLANG_WARN__DUPLICATE_METHOD_MATCH = YES;
				COPY_PHASE_STRIP = NO;
				DEBUG_INFORMATION_FORMAT = "dwarf-with-dsym";
				ENABLE_NS_ASSERTIONS = NO;
				ENABLE_STRICT_OBJC_MSGSEND = YES;
				ENABLE_USER_SCRIPT_SANDBOXING = YES;
				GCC_C_LANGUAGE_STANDARD = gnu17;
				GCC_NO_COMMON_BLOCKS = YES;
				GCC_WARN_64_TO_32_BIT_CONVERSION = YES;
				GCC_WARN_ABOUT_RETURN_TYPE = YES_ERROR;
				GCC_WARN_UNDECLARED_SELECTOR = YES;
				GCC_WARN_UNINITIALIZED_AUTOS = YES_AGGRESSIVE;
				GCC_WARN_UNUSED_FUNCTION = YES;
				GCC_WARN_UNUSED_VARIABLE = YES;
				IPHONEOS_DEPLOYMENT_TARGET = 17.0;
				LOCALIZATION_PREFERS_STRING_CATALOGS = YES;
				MTL_ENABLE_DEBUG_INFO = NO;
				MTL_FAST_MATH = YES;
				SDKROOT = iphoneos;
				SWIFT_COMPILATION_MODE = wholemodule;
				VALIDATE_PRODUCT = YES;
			};
			name = Release;
		};
		5019EC2D2B69137C00BEAAEB /* Debug */ = {
			isa = XCBuildConfiguration;
			buildSettings = {
				ASSETCATALOG_COMPILER_APPICON_NAME = AppIcon;
				ASSETCATALOG_COMPILER_GLOBAL_ACCENT_COLOR_NAME = AccentColor;
				CODE_SIGN_STYLE = Automatic;
				CURRENT_PROJECT_VERSION = 1;
				DEVELOPMENT_TEAM = 79P5J5NV6S;
				GENERATE_INFOPLIST_FILE = YES;
				INFOPLIST_FILE = "GHFollowers-BySeanAllen/Supporting Files/Info.plist";
				INFOPLIST_KEY_UIApplicationSupportsIndirectInputEvents = YES;
				INFOPLIST_KEY_UILaunchStoryboardName = LaunchScreen;
				INFOPLIST_KEY_UISupportedInterfaceOrientations = UIInterfaceOrientationPortrait;
				INFOPLIST_KEY_UISupportedInterfaceOrientations_iPad = "UIInterfaceOrientationLandscapeLeft UIInterfaceOrientationLandscapeRight UIInterfaceOrientationPortrait UIInterfaceOrientationPortraitUpsideDown";
				IPHONEOS_DEPLOYMENT_TARGET = 13.0;
				LD_RUNPATH_SEARCH_PATHS = (
					"$(inherited)",
					"@executable_path/Frameworks",
				);
				MARKETING_VERSION = 1.0;
				PRODUCT_BUNDLE_IDENTIFIER = "com.gorkemsaka.GHFollowers-BySeanAllen";
				PRODUCT_NAME = "$(TARGET_NAME)";
				SUPPORTED_PLATFORMS = "iphoneos iphonesimulator";
				SUPPORTS_MACCATALYST = NO;
				SUPPORTS_MAC_DESIGNED_FOR_IPHONE_IPAD = NO;
				SWIFT_EMIT_LOC_STRINGS = YES;
				SWIFT_VERSION = 5.0;
				TARGETED_DEVICE_FAMILY = 1;
			};
			name = Debug;
		};
		5019EC2E2B69137C00BEAAEB /* Release */ = {
			isa = XCBuildConfiguration;
			buildSettings = {
				ASSETCATALOG_COMPILER_APPICON_NAME = AppIcon;
				ASSETCATALOG_COMPILER_GLOBAL_ACCENT_COLOR_NAME = AccentColor;
				CODE_SIGN_STYLE = Automatic;
				CURRENT_PROJECT_VERSION = 1;
				DEVELOPMENT_TEAM = 79P5J5NV6S;
				GENERATE_INFOPLIST_FILE = YES;
				INFOPLIST_FILE = "GHFollowers-BySeanAllen/Supporting Files/Info.plist";
				INFOPLIST_KEY_UIApplicationSupportsIndirectInputEvents = YES;
				INFOPLIST_KEY_UILaunchStoryboardName = LaunchScreen;
				INFOPLIST_KEY_UISupportedInterfaceOrientations = UIInterfaceOrientationPortrait;
				INFOPLIST_KEY_UISupportedInterfaceOrientations_iPad = "UIInterfaceOrientationLandscapeLeft UIInterfaceOrientationLandscapeRight UIInterfaceOrientationPortrait UIInterfaceOrientationPortraitUpsideDown";
				IPHONEOS_DEPLOYMENT_TARGET = 13.0;
				LD_RUNPATH_SEARCH_PATHS = (
					"$(inherited)",
					"@executable_path/Frameworks",
				);
				MARKETING_VERSION = 1.0;
				PRODUCT_BUNDLE_IDENTIFIER = "com.gorkemsaka.GHFollowers-BySeanAllen";
				PRODUCT_NAME = "$(TARGET_NAME)";
				SUPPORTED_PLATFORMS = "iphoneos iphonesimulator";
				SUPPORTS_MACCATALYST = NO;
				SUPPORTS_MAC_DESIGNED_FOR_IPHONE_IPAD = NO;
				SWIFT_EMIT_LOC_STRINGS = YES;
				SWIFT_VERSION = 5.0;
				TARGETED_DEVICE_FAMILY = 1;
			};
			name = Release;
		};
/* End XCBuildConfiguration section */

/* Begin XCConfigurationList section */
		5019EC132B69137B00BEAAEB /* Build configuration list for PBXProject "GHFollowers-BySeanAllen" */ = {
			isa = XCConfigurationList;
			buildConfigurations = (
				5019EC2A2B69137C00BEAAEB /* Debug */,
				5019EC2B2B69137C00BEAAEB /* Release */,
			);
			defaultConfigurationIsVisible = 0;
			defaultConfigurationName = Release;
		};
		5019EC2C2B69137C00BEAAEB /* Build configuration list for PBXNativeTarget "GHFollowers-BySeanAllen" */ = {
			isa = XCConfigurationList;
			buildConfigurations = (
				5019EC2D2B69137C00BEAAEB /* Debug */,
				5019EC2E2B69137C00BEAAEB /* Release */,
			);
			defaultConfigurationIsVisible = 0;
			defaultConfigurationName = Release;
		};
/* End XCConfigurationList section */
	};
	rootObject = 5019EC102B69137B00BEAAEB /* Project object */;
}
